{
  "name": "@shakespeare.diy/opencode-plugin",
  "version": "0.5.14",
  "lockfileVersion": 3,
  "requires": true,
  "packages": {
    "": {
      "name": "@shakespeare.diy/opencode-plugin",
      "version": "0.5.14",
      "license": "MIT",
      "dependencies": {
        "@noble/hashes": "^1.6.1",
        "@noble/secp256k1": "^2.2.3",
        "@nostrify/nostrify": "^0.48.3",
        "jszip": "^3.10.1",
        "nostr-tools": "^2.10.4",
        "qrcode-terminal": "^0.12.0",
        "ws": "^8.18.0",
        "xdg-basedir": "^5.1.0"
      },
      "devDependencies": {
        "@opencode-ai/plugin": "^1.1.13",
        "@types/node": "^22.10.5",
        "@types/ws": "^8.5.13",
        "typescript": "^5.7.3"
      },
      "peerDependencies": {
        "@opencode-ai/plugin": ">=1.0.0"
      }
    },
    "node_modules/@noble/ciphers": {
      "version": "0.5.3",
      "resolved": "https://registry.npmjs.org/@noble/ciphers/-/ciphers-0.5.3.tgz",
      "integrity": "sha512-B0+6IIHiqEs3BPMT0hcRmHvEj2QHOLu+uwt+tqDDeVd0oyVzh7BPrDcPjRnV1PV/5LaknXJJQvOuRGR0zQJz+w==",
      "license": "MIT",
      "funding": {
        "url": "https://paulmillr.com/funding/"
      }
    },
    "node_modules/@noble/curves": {
      "version": "1.2.0",
      "resolved": "https://registry.npmjs.org/@noble/curves/-/curves-1.2.0.tgz",
      "integrity": "sha512-oYclrNgRaM9SsBUBVbb8M6DTV7ZHRTKugureoYEncY5c65HOmRzvSiTE3y5CYaPYJA/GVkrhXEoF0M3Ya9PMnw==",
      "license": "MIT",
      "dependencies": {
        "@noble/hashes": "1.3.2"
      },
      "funding": {
        "url": "https://paulmillr.com/funding/"
      }
    },
    "node_modules/@noble/curves/node_modules/@noble/hashes": {
      "version": "1.3.2",
      "resolved": "https://registry.npmjs.org/@noble/hashes/-/hashes-1.3.2.tgz",
      "integrity": "sha512-MVC8EAQp7MvEcm30KWENFjgR+Mkmf+D189XJTkFIlwohU5hcBbn1ZkKq7KVTi2Hme3PMGF390DaL52beVrIihQ==",
      "license": "MIT",
      "engines": {
        "node": ">= 16"
      },
      "funding": {
        "url": "https://paulmillr.com/funding/"
      }
    },
    "node_modules/@noble/hashes": {
      "version": "1.8.0",
      "resolved": "https://registry.npmjs.org/@noble/hashes/-/hashes-1.8.0.tgz",
      "integrity": "sha512-jCs9ldd7NwzpgXDIf6P3+NrHh9/sD6CQdxHyjQI+h/6rDNo88ypBxxz45UDuZHz9r3tNz7N/VInSVoVdtXEI4A==",
      "license": "MIT",
      "engines": {
        "node": "^14.21.3 || >=16"
      },
      "funding": {
        "url": "https://paulmillr.com/funding/"
      }
    },
    "node_modules/@noble/secp256k1": {
      "version": "2.3.0",
      "resolved": "https://registry.npmjs.org/@noble/secp256k1/-/secp256k1-2.3.0.tgz",
      "integrity": "sha512-0TQed2gcBbIrh7Ccyw+y/uZQvbJwm7Ao4scBUxqpBCcsOlZG0O4KGfjtNAy/li4W8n1xt3dxrwJ0beZ2h2G6Kw==",
      "license": "MIT",
      "funding": {
        "url": "https://paulmillr.com/funding/"
      }
    },
    "node_modules/@nostrify/nostrify": {
      "version": "0.48.3",
      "resolved": "https://registry.npmjs.org/@nostrify/nostrify/-/nostrify-0.48.3.tgz",
      "integrity": "sha512-nnmOaQRE5zT3G/De8QaxysVOuCvJG+gPVnXC3VROLDJwQQPg5y9xmKkF0Cr2+eXY396xeWHA7bxFtu3jRYQVvg==",
      "dependencies": {
        "@nostrify/types": "0.36.9",
        "@scure/base": "^2.0.0",
        "@smithy/util-base64": "^4.3.0",
        "@smithy/util-hex-encoding": "^4.2.0",
        "@types/node": "^24.1.0",
        "lru-cache": "^10.2.0",
        "nostr-tools": "^2.13.0",
        "websocket-ts": "^2.2.1",
        "ws": "^8.18.3",
        "zod": "^3.23.8"
      }
    },
    "node_modules/@nostrify/nostrify/node_modules/@scure/base": {
      "version": "2.0.0",
      "resolved": "https://registry.npmjs.org/@scure/base/-/base-2.0.0.tgz",
      "integrity": "sha512-3E1kpuZginKkek01ovG8krQ0Z44E3DHPjc5S2rjJw9lZn3KSQOs8S7wqikF/AH7iRanHypj85uGyxk0XAyC37w==",
      "license": "MIT",
      "funding": {
        "url": "https://paulmillr.com/funding/"
      }
    },
    "node_modules/@nostrify/nostrify/node_modules/@types/node": {
      "version": "24.10.7",
      "resolved": "https://registry.npmjs.org/@types/node/-/node-24.10.7.tgz",
      "integrity": "sha512-+054pVMzVTmRQV8BhpGv3UyfZ2Llgl8rdpDTon+cUH9+na0ncBVXj3wTUKh14+Kiz18ziM3b4ikpP5/Pc0rQEQ==",
      "license": "MIT",
      "dependencies": {
        "undici-types": "~7.16.0"
      }
    },
    "node_modules/@nostrify/nostrify/node_modules/undici-types": {
      "version": "7.16.0",
      "resolved": "https://registry.npmjs.org/undici-types/-/undici-types-7.16.0.tgz",
      "integrity": "sha512-Zz+aZWSj8LE6zoxD+xrjh4VfkIG8Ya6LvYkZqtUQGJPZjYl53ypCaUwWqo7eI0x66KBGeRo+mlBEkMSeSZ38Nw==",
      "license": "MIT"
    },
    "node_modules/@nostrify/nostrify/node_modules/zod": {
      "version": "3.25.76",
      "resolved": "https://registry.npmjs.org/zod/-/zod-3.25.76.tgz",
      "integrity": "sha512-gzUt/qt81nXsFGKIFcC3YnfEAx5NkunCfnDlvuBSSFS02bcXu4Lmea0AFIUwbLWxWPx3d9p8S5QoaujKcNQxcQ==",
      "license": "MIT",
      "funding": {
        "url": "https://github.com/sponsors/colinhacks"
      }
    },
    "node_modules/@nostrify/types": {
      "version": "0.36.9",
      "resolved": "https://registry.npmjs.org/@nostrify/types/-/types-0.36.9.tgz",
      "integrity": "sha512-tMx/r0W+QoVRRgs8d6ltaSgrftasOXuFsi33kW8WirswCy2b3UR1tqRgc0iBU9zRa9XR0nlej/wJZW+6wUFi+Q=="
    },
    "node_modules/@opencode-ai/plugin": {
      "version": "1.1.13",
      "resolved": "https://registry.npmjs.org/@opencode-ai/plugin/-/plugin-1.1.13.tgz",
      "integrity": "sha512-JcAsVR58EcbrHus9P8zWrhcZPw9BZbP7YYer/hk/mfpBQLLxxBQcBimnRlcRmzhw4fA0sRnwmDBRf45GdANeHQ==",
      "dev": true,
      "license": "MIT",
      "dependencies": {
        "@opencode-ai/sdk": "1.1.13",
        "zod": "4.1.8"
      }
    },
    "node_modules/@opencode-ai/sdk": {
      "version": "1.1.13",
      "resolved": "https://registry.npmjs.org/@opencode-ai/sdk/-/sdk-1.1.13.tgz",
      "integrity": "sha512-tZ/mTAHds201ebEWBcpMiqf+MG2Hl1eDpJAcuUo2VZqmWcksdSenhnWNaqU3e/3T5oMuLiAkxXzUi3zQCQONuQ==",
      "dev": true,
      "license": "MIT"
    },
    "node_modules/@scure/base": {
      "version": "1.1.1",
      "resolved": "https://registry.npmjs.org/@scure/base/-/base-1.1.1.tgz",
      "integrity": "sha512-ZxOhsSyxYwLJj3pLZCefNitxsj093tb2vq90mp2txoYeBqbcjDjqFhyM8eUjq/uFm6zJ+mUuqxlS2FkuSY1MTA==",
      "funding": [
        {
          "type": "individual",
          "url": "https://paulmillr.com/funding/"
        }
      ],
      "license": "MIT"
    },
    "node_modules/@scure/bip32": {
      "version": "1.3.1",
      "resolved": "https://registry.npmjs.org/@scure/bip32/-/bip32-1.3.1.tgz",
      "integrity": "sha512-osvveYtyzdEVbt3OfwwXFr4P2iVBL5u1Q3q4ONBfDY/UpOuXmOlbgwc1xECEboY8wIays8Yt6onaWMUdUbfl0A==",
      "license": "MIT",
      "dependencies": {
        "@noble/curves": "~1.1.0",
        "@noble/hashes": "~1.3.1",
        "@scure/base": "~1.1.0"
      },
      "funding": {
        "url": "https://paulmillr.com/funding/"
      }
    },
    "node_modules/@scure/bip32/node_modules/@noble/curves": {
      "version": "1.1.0",
      "resolved": "https://registry.npmjs.org/@noble/curves/-/curves-1.1.0.tgz",
      "integrity": "sha512-091oBExgENk/kGj3AZmtBDMpxQPDtxQABR2B9lb1JbVTs6ytdzZNwvhxQ4MWasRNEzlbEH8jCWFCwhF/Obj5AA==",
      "license": "MIT",
      "dependencies": {
        "@noble/hashes": "1.3.1"
      },
      "funding": {
        "url": "https://paulmillr.com/funding/"
      }
    },
    "node_modules/@scure/bip32/node_modules/@noble/curves/node_modules/@noble/hashes": {
      "version": "1.3.1",
      "resolved": "https://registry.npmjs.org/@noble/hashes/-/hashes-1.3.1.tgz",
      "integrity": "sha512-EbqwksQwz9xDRGfDST86whPBgM65E0OH/pCgqW0GBVzO22bNE+NuIbeTb714+IfSjU3aRk47EUvXIb5bTsenKA==",
      "license": "MIT",
      "engines": {
        "node": ">= 16"
      },
      "funding": {
        "url": "https://paulmillr.com/funding/"
      }
    },
    "node_modules/@scure/bip32/node_modules/@noble/hashes": {
      "version": "1.3.3",
      "resolved": "https://registry.npmjs.org/@noble/hashes/-/hashes-1.3.3.tgz",
      "integrity": "sha512-V7/fPHgl+jsVPXqqeOzT8egNj2iBIVt+ECeMMG8TdcnTikP3oaBtUVqpT/gYCR68aEBJSF+XbYUxStjbFMqIIA==",
      "license": "MIT",
      "engines": {
        "node": ">= 16"
      },
      "funding": {
        "url": "https://paulmillr.com/funding/"
      }
    },
    "node_modules/@scure/bip39": {
      "version": "1.2.1",
      "resolved": "https://registry.npmjs.org/@scure/bip39/-/bip39-1.2.1.tgz",
      "integrity": "sha512-Z3/Fsz1yr904dduJD0NpiyRHhRYHdcnyh73FZWiV+/qhWi83wNJ3NWolYqCEN+ZWsUz2TWwajJggcRE9r1zUYg==",
      "license": "MIT",
      "dependencies": {
        "@noble/hashes": "~1.3.0",
        "@scure/base": "~1.1.0"
      },
      "funding": {
        "url": "https://paulmillr.com/funding/"
      }
    },
    "node_modules/@scure/bip39/node_modules/@noble/hashes": {
      "version": "1.3.3",
      "resolved": "https://registry.npmjs.org/@noble/hashes/-/hashes-1.3.3.tgz",
      "integrity": "sha512-V7/fPHgl+jsVPXqqeOzT8egNj2iBIVt+ECeMMG8TdcnTikP3oaBtUVqpT/gYCR68aEBJSF+XbYUxStjbFMqIIA==",
      "license": "MIT",
      "engines": {
        "node": ">= 16"
      },
      "funding": {
        "url": "https://paulmillr.com/funding/"
      }
    },
    "node_modules/@smithy/is-array-buffer": {
      "version": "4.2.0",
      "resolved": "https://registry.npmjs.org/@smithy/is-array-buffer/-/is-array-buffer-4.2.0.tgz",
      "integrity": "sha512-DZZZBvC7sjcYh4MazJSGiWMI2L7E0oCiRHREDzIxi/M2LY79/21iXt6aPLHge82wi5LsuRF5A06Ds3+0mlh6CQ==",
      "license": "Apache-2.0",
      "dependencies": {
        "tslib": "^2.6.2"
      },
      "engines": {
        "node": ">=18.0.0"
      }
    },
    "node_modules/@smithy/util-base64": {
      "version": "4.3.0",
      "resolved": "https://registry.npmjs.org/@smithy/util-base64/-/util-base64-4.3.0.tgz",
      "integrity": "sha512-GkXZ59JfyxsIwNTWFnjmFEI8kZpRNIBfxKjv09+nkAWPt/4aGaEWMM04m4sxgNVWkbt2MdSvE3KF/PfX4nFedQ==",
      "license": "Apache-2.0",
      "dependencies": {
        "@smithy/util-buffer-from": "^4.2.0",
        "@smithy/util-utf8": "^4.2.0",
        "tslib": "^2.6.2"
      },
      "engines": {
        "node": ">=18.0.0"
      }
    },
    "node_modules/@smithy/util-buffer-from": {
      "version": "4.2.0",
      "resolved": "https://registry.npmjs.org/@smithy/util-buffer-from/-/util-buffer-from-4.2.0.tgz",
      "integrity": "sha512-kAY9hTKulTNevM2nlRtxAG2FQ3B2OR6QIrPY3zE5LqJy1oxzmgBGsHLWTcNhWXKchgA0WHW+mZkQrng/pgcCew==",
      "license": "Apache-2.0",
      "dependencies": {
        "@smithy/is-array-buffer": "^4.2.0",
        "tslib": "^2.6.2"
      },
      "engines": {
        "node": ">=18.0.0"
      }
    },
    "node_modules/@smithy/util-hex-encoding": {
      "version": "4.2.0",
      "resolved": "https://registry.npmjs.org/@smithy/util-hex-encoding/-/util-hex-encoding-4.2.0.tgz",
      "integrity": "sha512-CCQBwJIvXMLKxVbO88IukazJD9a4kQ9ZN7/UMGBjBcJYvatpWk+9g870El4cB8/EJxfe+k+y0GmR9CAzkF+Nbw==",
      "license": "Apache-2.0",
      "dependencies": {
        "tslib": "^2.6.2"
      },
      "engines": {
        "node": ">=18.0.0"
      }
    },
    "node_modules/@smithy/util-utf8": {
      "version": "4.2.0",
      "resolved": "https://registry.npmjs.org/@smithy/util-utf8/-/util-utf8-4.2.0.tgz",
      "integrity": "sha512-zBPfuzoI8xyBtR2P6WQj63Rz8i3AmfAaJLuNG8dWsfvPe8lO4aCPYLn879mEgHndZH1zQ2oXmG8O1GGzzaoZiw==",
      "license": "Apache-2.0",
      "dependencies": {
        "@smithy/util-buffer-from": "^4.2.0",
        "tslib": "^2.6.2"
      },
      "engines": {
        "node": ">=18.0.0"
      }
    },
    "node_modules/@types/node": {
      "version": "22.19.5",
      "resolved": "https://registry.npmjs.org/@types/node/-/node-22.19.5.tgz",
      "integrity": "sha512-HfF8+mYcHPcPypui3w3mvzuIErlNOh2OAG+BCeBZCEwyiD5ls2SiCwEyT47OELtf7M3nHxBdu0FsmzdKxkN52Q==",
      "dev": true,
      "license": "MIT",
      "dependencies": {
        "undici-types": "~6.21.0"
      }
    },
    "node_modules/@types/ws": {
      "version": "8.18.1",
      "resolved": "https://registry.npmjs.org/@types/ws/-/ws-8.18.1.tgz",
      "integrity": "sha512-ThVF6DCVhA8kUGy+aazFQ4kXQ7E1Ty7A3ypFOe0IcJV8O/M511G99AW24irKrW56Wt44yG9+ij8FaqoBGkuBXg==",
      "dev": true,
      "license": "MIT",
      "dependencies": {
        "@types/node": "*"
      }
    },
    "node_modules/core-util-is": {
      "version": "1.0.3",
      "resolved": "https://registry.npmjs.org/core-util-is/-/core-util-is-1.0.3.tgz",
      "integrity": "sha512-ZQBvi1DcpJ4GDqanjucZ2Hj3wEO5pZDS89BWbkcrvdxksJorwUDDZamX9ldFkp9aw2lmBDLgkObEA4DWNJ9FYQ==",
      "license": "MIT"
    },
    "node_modules/immediate": {
      "version": "3.0.6",
      "resolved": "https://registry.npmjs.org/immediate/-/immediate-3.0.6.tgz",
      "integrity": "sha512-XXOFtyqDjNDAQxVfYxuF7g9Il/IbWmmlQg2MYKOH8ExIT1qg6xc4zyS3HaEEATgs1btfzxq15ciUiY7gjSXRGQ==",
      "license": "MIT"
    },
    "node_modules/inherits": {
      "version": "2.0.4",
      "resolved": "https://registry.npmjs.org/inherits/-/inherits-2.0.4.tgz",
      "integrity": "sha512-k/vGaX4/Yla3WzyMCvTQOXYeIHvqOKtnqBduzTHpzpQZzAskKMhZ2K+EnBiSM9zGSoIFeMpXKxa4dYeZIQqewQ==",
      "license": "ISC"
    },
    "node_modules/isarray": {
      "version": "1.0.0",
      "resolved": "https://registry.npmjs.org/isarray/-/isarray-1.0.0.tgz",
      "integrity": "sha512-VLghIWNM6ELQzo7zwmcg0NmTVyWKYjvIeM83yjp0wRDTmUnrM678fQbcKBo6n2CJEF0szoG//ytg+TKla89ALQ==",
      "license": "MIT"
    },
    "node_modules/jszip": {
      "version": "3.10.1",
      "resolved": "https://registry.npmjs.org/jszip/-/jszip-3.10.1.tgz",
      "integrity": "sha512-xXDvecyTpGLrqFrvkrUSoxxfJI5AH7U8zxxtVclpsUtMCq4JQ290LY8AW5c7Ggnr/Y/oK+bQMbqK2qmtk3pN4g==",
      "license": "(MIT OR GPL-3.0-or-later)",
      "dependencies": {
        "lie": "~3.3.0",
        "pako": "~1.0.2",
        "readable-stream": "~2.3.6",
        "setimmediate": "^1.0.5"
      }
    },
    "node_modules/lie": {
      "version": "3.3.0",
      "resolved": "https://registry.npmjs.org/lie/-/lie-3.3.0.tgz",
      "integrity": "sha512-UaiMJzeWRlEujzAuw5LokY1L5ecNQYZKfmyZ9L7wDHb/p5etKaxXhohBcrw0EYby+G/NA52vRSN4N39dxHAIwQ==",
      "license": "MIT",
      "dependencies": {
        "immediate": "~3.0.5"
      }
    },
    "node_modules/lru-cache": {
      "version": "10.4.3",
      "resolved": "https://registry.npmjs.org/lru-cache/-/lru-cache-10.4.3.tgz",
      "integrity": "sha512-JNAzZcXrCt42VGLuYz0zfAzDfAvJWW6AfYlDBQyDV5DClI2m5sAmK+OIO7s59XfsRsWHp02jAJrRadPRGTt6SQ==",
      "license": "ISC"
    },
    "node_modules/nostr-tools": {
      "version": "2.19.4",
      "resolved": "https://registry.npmjs.org/nostr-tools/-/nostr-tools-2.19.4.tgz",
      "integrity": "sha512-qVLfoTpZegNYRJo5j+Oi6RPu0AwLP6jcvzcB3ySMnIT5DrAGNXfs5HNBspB/2HiGfH3GY+v6yXkTtcKSBQZwSg==",
      "license": "Unlicense",
      "dependencies": {
        "@noble/ciphers": "^0.5.1",
        "@noble/curves": "1.2.0",
        "@noble/hashes": "1.3.1",
        "@scure/base": "1.1.1",
        "@scure/bip32": "1.3.1",
        "@scure/bip39": "1.2.1",
        "nostr-wasm": "0.1.0"
      },
      "peerDependencies": {
        "typescript": ">=5.0.0"
      },
      "peerDependenciesMeta": {
        "typescript": {
          "optional": true
        }
      }
    },
    "node_modules/nostr-tools/node_modules/@noble/hashes": {
      "version": "1.3.1",
      "resolved": "https://registry.npmjs.org/@noble/hashes/-/hashes-1.3.1.tgz",
      "integrity": "sha512-EbqwksQwz9xDRGfDST86whPBgM65E0OH/pCgqW0GBVzO22bNE+NuIbeTb714+IfSjU3aRk47EUvXIb5bTsenKA==",
      "license": "MIT",
      "engines": {
        "node": ">= 16"
      },
      "funding": {
        "url": "https://paulmillr.com/funding/"
      }
    },
    "node_modules/nostr-wasm": {
      "version": "0.1.0",
      "resolved": "https://registry.npmjs.org/nostr-wasm/-/nostr-wasm-0.1.0.tgz",
      "integrity": "sha512-78BTryCLcLYv96ONU8Ws3Q1JzjlAt+43pWQhIl86xZmWeegYCNLPml7yQ+gG3vR6V5h4XGj+TxO+SS5dsThQIA==",
      "license": "MIT"
    },
    "node_modules/pako": {
      "version": "1.0.11",
      "resolved": "https://registry.npmjs.org/pako/-/pako-1.0.11.tgz",
      "integrity": "sha512-4hLB8Py4zZce5s4yd9XzopqwVv/yGNhV1Bl8NTmCq1763HeK2+EwVTv+leGeL13Dnh2wfbqowVPXCIO0z4taYw==",
      "license": "(MIT AND Zlib)"
    },
    "node_modules/process-nextick-args": {
      "version": "2.0.1",
      "resolved": "https://registry.npmjs.org/process-nextick-args/-/process-nextick-args-2.0.1.tgz",
      "integrity": "sha512-3ouUOpQhtgrbOa17J7+uxOTpITYWaGP7/AhoR3+A+/1e9skrzelGi/dXzEYyvbxubEF6Wn2ypscTKiKJFFn1ag==",
      "license": "MIT"
    },
    "node_modules/qrcode-terminal": {
      "version": "0.12.0",
      "resolved": "https://registry.npmjs.org/qrcode-terminal/-/qrcode-terminal-0.12.0.tgz",
      "integrity": "sha512-EXtzRZmC+YGmGlDFbXKxQiMZNwCLEO6BANKXG4iCtSIM0yqc/pappSx3RIKr4r0uh5JsBckOXeKrB3Iz7mdQpQ==",
      "bin": {
        "qrcode-terminal": "bin/qrcode-terminal.js"
      }
    },
    "node_modules/readable-stream": {
      "version": "2.3.8",
      "resolved": "https://registry.npmjs.org/readable-stream/-/readable-stream-2.3.8.tgz",
      "integrity": "sha512-8p0AUk4XODgIewSi0l8Epjs+EVnWiK7NoDIEGU0HhE7+ZyY8D1IMY7odu5lRrFXGg71L15KG8QrPmum45RTtdA==",
      "license": "MIT",
      "dependencies": {
        "core-util-is": "~1.0.0",
        "inherits": "~2.0.3",
        "isarray": "~1.0.0",
        "process-nextick-args": "~2.0.0",
        "safe-buffer": "~5.1.1",
        "string_decoder": "~1.1.1",
        "util-deprecate": "~1.0.1"
      }
    },
    "node_modules/safe-buffer": {
      "version": "5.1.2",
      "resolved": "https://registry.npmjs.org/safe-buffer/-/safe-buffer-5.1.2.tgz",
      "integrity": "sha512-Gd2UZBJDkXlY7GbJxfsE8/nvKkUEU1G38c1siN6QP6a9PT9MmHB8GnpscSmMJSoF8LOIrt8ud/wPtojys4G6+g==",
      "license": "MIT"
    },
    "node_modules/setimmediate": {
      "version": "1.0.5",
      "resolved": "https://registry.npmjs.org/setimmediate/-/setimmediate-1.0.5.tgz",
      "integrity": "sha512-MATJdZp8sLqDl/68LfQmbP8zKPLQNV6BIZoIgrscFDQ+RsvK/BxeDQOgyxKKoh0y/8h3BqVFnCqQ/gd+reiIXA==",
      "license": "MIT"
    },
    "node_modules/string_decoder": {
      "version": "1.1.1",
      "resolved": "https://registry.npmjs.org/string_decoder/-/string_decoder-1.1.1.tgz",
      "integrity": "sha512-n/ShnvDi6FHbbVfviro+WojiFzv+s8MPMHBczVePfUpDJLwoLT0ht1l4YwBCbi8pJAveEEdnkHyPyTP/mzRfwg==",
      "license": "MIT",
      "dependencies": {
        "safe-buffer": "~5.1.0"
      }
    },
    "node_modules/tslib": {
      "version": "2.8.1",
      "resolved": "https://registry.npmjs.org/tslib/-/tslib-2.8.1.tgz",
      "integrity": "sha512-oJFu94HQb+KVduSUQL7wnpmqnfmLsOA/nAh6b6EH0wCEoK0/mPeXU6c3wKDV83MkOuHPRHtSXKKU99IBazS/2w==",
      "license": "0BSD"
    },
    "node_modules/typescript": {
      "version": "5.9.3",
      "resolved": "https://registry.npmjs.org/typescript/-/typescript-5.9.3.tgz",
      "integrity": "sha512-jl1vZzPDinLr9eUt3J/t7V6FgNEw9QjvBPdysz9KfQDD41fQrC2Y4vKQdiaUpFT4bXlb1RHhLpp8wtm6M5TgSw==",
      "devOptional": true,
      "license": "Apache-2.0",
      "bin": {
        "tsc": "bin/tsc",
        "tsserver": "bin/tsserver"
      },
      "engines": {
        "node": ">=14.17"
      }
    },
    "node_modules/undici-types": {
      "version": "6.21.0",
      "resolved": "https://registry.npmjs.org/undici-types/-/undici-types-6.21.0.tgz",
      "integrity": "sha512-iwDZqg0QAGrg9Rav5H4n0M64c3mkR59cJ6wQp+7C4nI0gsmExaedaYLNO44eT4AtBBwjbTiGPMlt2Md0T9H9JQ==",
      "dev": true,
      "license": "MIT"
    },
    "node_modules/util-deprecate": {
      "version": "1.0.2",
      "resolved": "https://registry.npmjs.org/util-deprecate/-/util-deprecate-1.0.2.tgz",
      "integrity": "sha512-EPD5q1uXyFxJpCrLnCc1nHnq3gOa6DZBocAIiI2TaSCA7VCJ1UJDMagCzIkXNsUYfD1daK//LTEQ8xiIbrHtcw==",
      "license": "MIT"
    },
    "node_modules/websocket-ts": {
      "version": "2.2.1",
      "resolved": "https://registry.npmjs.org/websocket-ts/-/websocket-ts-2.2.1.tgz",
      "integrity": "sha512-YKPDfxlK5qOheLZ2bTIiktZO1bpfGdNCPJmTEaPW7G9UXI1GKjDdeacOrsULUS000OPNxDVOyAuKLuIWPqWM0Q==",
      "license": "MIT"
    },
    "node_modules/ws": {
      "version": "8.19.0",
      "resolved": "https://registry.npmjs.org/ws/-/ws-8.19.0.tgz",
      "integrity": "sha512-blAT2mjOEIi0ZzruJfIhb3nps74PRWTCz1IjglWEEpQl5XS/UNama6u2/rjFkDDouqr4L67ry+1aGIALViWjDg==",
      "license": "MIT",
      "engines": {
        "node": ">=10.0.0"
      },
      "peerDependencies": {
        "bufferutil": "^4.0.1",
        "utf-8-validate": ">=5.0.2"
      },
      "peerDependenciesMeta": {
        "bufferutil": {
          "optional": true
        },
        "utf-8-validate": {
          "optional": true
        }
      }
    },
    "node_modules/xdg-basedir": {
      "version": "5.1.0",
      "resolved": "https://registry.npmjs.org/xdg-basedir/-/xdg-basedir-5.1.0.tgz",
      "integrity": "sha512-GCPAHLvrIH13+c0SuacwvRYj2SxJXQ4kaVTT5xgL3kPrz56XxkF21IGhjSE1+W0aw7gpBWRGXLCPnPby6lSpmQ==",
      "license": "MIT",
      "engines": {
        "node": ">=12"
      },
      "funding": {
        "url": "https://github.com/sponsors/sindresorhus"
      }
    },
    "node_modules/zod": {
      "version": "4.1.8",
      "resolved": "https://registry.npmjs.org/zod/-/zod-4.1.8.tgz",
      "integrity": "sha512-5R1P+WwQqmmMIEACyzSvo4JXHY5WiAFHRMg+zBZKgKS+Q1viRa0C1hmUKtHltoIFKtIdki3pRxkmpP74jnNYHQ==",
      "dev": true,
      "license": "MIT",
      "funding": {
        "url": "https://github.com/sponsors/colinhacks"
      }
    }
  }
}
